{
  "version": 4,
  "terraform_version": "0.13.4",
  "serial": 19,
  "lineage": "9bb51422-0164-5da0-7854-f7c704037e07",
  "outputs": {},
  "resources": [
    {
      "mode": "managed",
      "type": "aws_iam_instance_profile",
      "name": "ec2_s3_write_profile",
      "provider": "provider[\"registry.terraform.io/hashicorp/aws\"]",
      "instances": [
        {
          "schema_version": 0,
          "attributes": {
            "arn": "arn:aws:iam::403041473197:instance-profile/ec2_s3_write_profile",
            "create_date": "2020-10-18T07:24:14Z",
            "id": "ec2_s3_write_profile",
            "name": "ec2_s3_write_profile",
            "name_prefix": null,
            "path": "/",
            "role": "ec2_s3_write_role",
            "unique_id": "AIPAV3VZE2KW2EYRVOXMK"
          },
          "private": "bnVsbA==",
          "dependencies": [
            "aws_iam_role.ec2_s3_write_role"
          ]
        }
      ]
    },
    {
      "mode": "managed",
      "type": "aws_iam_role",
      "name": "ec2_s3_write_role",
      "provider": "provider[\"registry.terraform.io/hashicorp/aws\"]",
      "instances": [
        {
          "schema_version": 0,
          "attributes": {
            "arn": "arn:aws:iam::403041473197:role/ec2_s3_write_role",
            "assume_role_policy": "{\"Version\":\"2012-10-17\",\"Statement\":[{\"Sid\":\"\",\"Effect\":\"Allow\",\"Principal\":{\"Service\":\"ec2.amazonaws.com\"},\"Action\":\"sts:AssumeRole\"}]}",
            "create_date": "2020-10-18T07:24:12Z",
            "description": "",
            "force_detach_policies": false,
            "id": "ec2_s3_write_role",
            "max_session_duration": 3600,
            "name": "ec2_s3_write_role",
            "name_prefix": null,
            "path": "/",
            "permissions_boundary": null,
            "tags": {
              "Name": "MSD HW"
            },
            "unique_id": "AROAV3VZE2KWUJU6LIQ5K"
          },
          "private": "bnVsbA=="
        }
      ]
    },
    {
      "mode": "managed",
      "type": "aws_iam_role_policy",
      "name": "ec2_s3_write_policy",
      "provider": "provider[\"registry.terraform.io/hashicorp/aws\"]",
      "instances": []
    },
    {
      "mode": "managed",
      "type": "aws_iam_role_policy",
      "name": "s3-write-policy",
      "provider": "provider[\"registry.terraform.io/hashicorp/aws\"]",
      "instances": []
    },
    {
      "mode": "managed",
      "type": "aws_iam_role_policy",
      "name": "s3_write_policy",
      "provider": "provider[\"registry.terraform.io/hashicorp/aws\"]",
      "instances": [
        {
          "schema_version": 0,
          "attributes": {
            "id": "ec2_s3_write_role:s3_write_policy",
            "name": "s3_write_policy",
            "name_prefix": null,
            "policy": "{\r\n    \"Version\": \"2012-10-17\",\r\n    \"Statement\": [\r\n        {\r\n            \"Sid\": \"VisualEditor0\",\r\n            \"Effect\": \"Allow\",\r\n            \"Action\": [\r\n                \"s3:ReplicateObject\",\r\n                \"s3:PutObject\",\r\n                \"s3:AbortMultipartUpload\",\r\n                \"s3:PutObjectRetention\",\r\n                \"s3:DeleteObjectVersion\",\r\n                \"s3:RestoreObject\",\r\n                \"s3:PutObjectLegalHold\",\r\n                \"s3:DeleteObject\",\r\n                \"s3:ReplicateDelete\"\r\n            ],\r\n            \"Resource\": \"arn:aws:s3:::*/*\"\r\n        },\r\n        {\r\n            \"Sid\": \"VisualEditor1\",\r\n            \"Effect\": \"Allow\",\r\n            \"Action\": [\r\n                \"s3:CreateAccessPoint\",\r\n                \"s3:PutAnalyticsConfiguration\",\r\n                \"s3:PutAccelerateConfiguration\",\r\n                \"s3:PutMetricsConfiguration\",\r\n                \"s3:PutBucketOwnershipControls\",\r\n                \"s3:PutReplicationConfiguration\",\r\n                \"s3:DeleteAccessPoint\",\r\n                \"s3:CreateBucket\",\r\n                \"s3:UpdateJobStatus\",\r\n                \"s3:PutBucketCORS\",\r\n                \"s3:PutInventoryConfiguration\",\r\n                \"s3:PutEncryptionConfiguration\",\r\n                \"s3:PutBucketNotification\",\r\n                \"s3:DeleteBucketWebsite\",\r\n                \"s3:PutBucketWebsite\",\r\n                \"s3:PutBucketRequestPayment\",\r\n                \"s3:DeleteBucketOwnershipControls\",\r\n                \"s3:PutBucketLogging\",\r\n                \"s3:PutLifecycleConfiguration\",\r\n                \"s3:UpdateJobPriority\",\r\n                \"s3:PutBucketObjectLockConfiguration\",\r\n                \"s3:DeleteBucket\",\r\n                \"s3:PutBucketVersioning\"\r\n            ],\r\n            \"Resource\": [\r\n                \"arn:aws:s3:*:403041473197:job/*\",\r\n                \"arn:aws:s3:::*\",\r\n                \"arn:aws:s3:*:403041473197:accesspoint/*\"\r\n            ]\r\n        },\r\n        {\r\n            \"Sid\": \"VisualEditor2\",\r\n            \"Effect\": \"Allow\",\r\n            \"Action\": \"s3:CreateJob\",\r\n            \"Resource\": \"*\"\r\n        }\r\n    ]\r\n}",
            "role": "ec2_s3_write_role"
          },
          "private": "bnVsbA==",
          "dependencies": [
            "aws_iam_role.ec2_s3_write_role"
          ]
        }
      ]
    },
    {
      "mode": "managed",
      "type": "aws_s3_bucket",
      "name": "S3_Bucket",
      "provider": "provider[\"registry.terraform.io/hashicorp/aws\"]",
      "instances": [
        {
          "schema_version": 0,
          "attributes": {
            "acceleration_status": "",
            "acl": "public-read",
            "arn": "arn:aws:s3:::msd-hm-s3-bucket",
            "bucket": "msd-hm-s3-bucket",
            "bucket_domain_name": "msd-hm-s3-bucket.s3.amazonaws.com",
            "bucket_prefix": null,
            "bucket_regional_domain_name": "msd-hm-s3-bucket.s3.eu-central-1.amazonaws.com",
            "cors_rule": [],
            "force_destroy": false,
            "grant": [],
            "hosted_zone_id": "Z21DNDUVLTQW6Q",
            "id": "msd-hm-s3-bucket",
            "lifecycle_rule": [],
            "logging": [],
            "object_lock_configuration": [],
            "policy": null,
            "region": "eu-central-1",
            "replication_configuration": [],
            "request_payer": "BucketOwner",
            "server_side_encryption_configuration": [],
            "tags": {
              "Name": "MSD HW"
            },
            "versioning": [
              {
                "enabled": false,
                "mfa_delete": false
              }
            ],
            "website": [],
            "website_domain": null,
            "website_endpoint": null
          },
          "private": "bnVsbA=="
        }
      ]
    }
  ]
}
